
Microsoft Visual Studio Solution File, Format Version 12.00
# Visual Studio Version 16
VisualStudioVersion = 16.0.30717.126
MinimumVisualStudioVersion = 10.0.40219.1
Project("{FAE04EC0-301F-11D3-BF4B-00C04F79EFBC}") = "Capgemini", "Capgemini\Capgemini.csproj", "{0297177C-E415-4F31-B8D3-BA6D44B64A62}"
EndProject
Global
	GlobalSection(SolutionConfigurationPlatforms) = preSolution
		Debug|Any CPU = Debug|Any CPU
		Release|Any CPU = Release|Any CPU
	EndGlobalSection
	GlobalSection(ProjectConfigurationPlatforms) = postSolution
		{0297177C-E415-4F31-B8D3-BA6D44B64A62}.Debug|Any CPU.ActiveCfg = Debug|Any CPU
		{0297177C-E415-4F31-B8D3-BA6D44B64A62}.Debug|Any CPU.Build.0 = Debug|Any CPU
		{0297177C-E415-4F31-B8D3-BA6D44B64A62}.Release|Any CPU.ActiveCfg = Release|Any CPU
		{0297177C-E415-4F31-B8D3-BA6D44B64A62}.Release|Any CPU.Build.0 = Release|Any CPU
	EndGlobalSection
	GlobalSection(SolutionProperties) = preSolution
		HideSolutionNode = FALSE
	EndGlobalSection
	GlobalSection(ExtensibilityGlobals) = postSolution
		SolutionGuid = {2A4CABFA-2487-44A1-8C49-B271A8B77793}
	EndGlobalSection
EndGlobal
